// !$*UTF8*$!
{
	archiveVersion = 1;
	classes = {
	};
	objectVersion = 56;
	objects = {

/* Begin PBXBuildFile section */
		D30417C928C0EAA600880DAA /* MobileNetv3_SampleApp.swift in Sources */ = {isa = PBXBuildFile; fileRef = D30417C828C0EAA600880DAA /* MobileNetv3_SampleApp.swift */; };
		D30417CB28C0EAA600880DAA /* ContentView.swift in Sources */ = {isa = PBXBuildFile; fileRef = D30417CA28C0EAA600880DAA /* ContentView.swift */; };
		D30417CD28C0EAA700880DAA /* Assets.xcassets in Resources */ = {isa = PBXBuildFile; fileRef = D30417CC28C0EAA700880DAA /* Assets.xcassets */; };
		D30417D128C0EAA700880DAA /* Preview Assets.xcassets in Resources */ = {isa = PBXBuildFile; fileRef = D30417D028C0EAA700880DAA /* Preview Assets.xcassets */; };
		D32BC86429D33F0C00FE9273 /* prepareImage.swift in Sources */ = {isa = PBXBuildFile; fileRef = D32BC86329D33F0C00FE9273 /* prepareImage.swift */; };
		D32BC86629D3415A00FE9273 /* mobilenetv3.mlpackage in Resources */ = {isa = PBXBuildFile; fileRef = D3FFA1A128C2496B0072E488 /* mobilenetv3.mlpackage */; };
		D32BC86829D3B13800FE9273 /* id2label.json in Resources */ = {isa = PBXBuildFile; fileRef = D32BC86729D3B13800FE9273 /* id2label.json */; };
		D32BC95D29D3B20300FE9273 /* Array+Extensions.swift in Sources */ = {isa = PBXBuildFile; fileRef = D32BC94C29D3B20300FE9273 /* Array+Extensions.swift */; };
		D32BC95E29D3B20300FE9273 /* Math.swift in Sources */ = {isa = PBXBuildFile; fileRef = D32BC94D29D3B20300FE9273 /* Math.swift */; };
		D32BC95F29D3B20300FE9273 /* UIImage+CVPixelBuffer.swift in Sources */ = {isa = PBXBuildFile; fileRef = D32BC94E29D3B20300FE9273 /* UIImage+CVPixelBuffer.swift */; };
		D32BC96029D3B20300FE9273 /* Predictions.swift in Sources */ = {isa = PBXBuildFile; fileRef = D32BC94F29D3B20300FE9273 /* Predictions.swift */; };
		D32BC96129D3B20300FE9273 /* UIImage+Extensions.swift in Sources */ = {isa = PBXBuildFile; fileRef = D32BC95029D3B20300FE9273 /* UIImage+Extensions.swift */; };
		D32BC96229D3B20300FE9273 /* CGImagePropertyOrientation.swift in Sources */ = {isa = PBXBuildFile; fileRef = D32BC95129D3B20300FE9273 /* CGImagePropertyOrientation.swift */; };
		D32BC96329D3B20300FE9273 /* UIImage+RawBytes.swift in Sources */ = {isa = PBXBuildFile; fileRef = D32BC95229D3B20300FE9273 /* UIImage+RawBytes.swift */; };
		D32BC96429D3B20300FE9273 /* MLMultiArray+Helpers.swift in Sources */ = {isa = PBXBuildFile; fileRef = D32BC95329D3B20300FE9273 /* MLMultiArray+Helpers.swift */; };
		D32BC96529D3B20300FE9273 /* MLModel+Images.swift in Sources */ = {isa = PBXBuildFile; fileRef = D32BC95429D3B20300FE9273 /* MLModel+Images.swift */; };
		D32BC96629D3B20300FE9273 /* CoreML+Combine.swift in Sources */ = {isa = PBXBuildFile; fileRef = D32BC95529D3B20300FE9273 /* CoreML+Combine.swift */; };
		D32BC96729D3B20300FE9273 /* CVPixelBuffer+Create.swift in Sources */ = {isa = PBXBuildFile; fileRef = D32BC95629D3B20300FE9273 /* CVPixelBuffer+Create.swift */; };
		D32BC96829D3B20300FE9273 /* CGImage+CVPixelBuffer.swift in Sources */ = {isa = PBXBuildFile; fileRef = D32BC95729D3B20300FE9273 /* CGImage+CVPixelBuffer.swift */; };
		D32BC96929D3B20300FE9273 /* NonMaxSuppression.swift in Sources */ = {isa = PBXBuildFile; fileRef = D32BC95829D3B20300FE9273 /* NonMaxSuppression.swift */; };
		D32BC96A29D3B20300FE9273 /* CGImage+RawBytes.swift in Sources */ = {isa = PBXBuildFile; fileRef = D32BC95929D3B20300FE9273 /* CGImage+RawBytes.swift */; };
		D32BC96B29D3B20300FE9273 /* MLMultiArray+Image.swift in Sources */ = {isa = PBXBuildFile; fileRef = D32BC95A29D3B20300FE9273 /* MLMultiArray+Image.swift */; };
		D32BC96C29D3B20300FE9273 /* CVPixelBuffer+Resize.swift in Sources */ = {isa = PBXBuildFile; fileRef = D32BC95B29D3B20300FE9273 /* CVPixelBuffer+Resize.swift */; };
		D32BC96D29D3B20300FE9273 /* CVPixelBuffer+Rotate.swift in Sources */ = {isa = PBXBuildFile; fileRef = D32BC95C29D3B20300FE9273 /* CVPixelBuffer+Rotate.swift */; };
		D3FFA1AA28C250C30072E488 /* CameraView.swift in Sources */ = {isa = PBXBuildFile; fileRef = D3FFA1A928C250C30072E488 /* CameraView.swift */; };
		D3FFA1AE28C343170072E488 /* Classifier.swift in Sources */ = {isa = PBXBuildFile; fileRef = D3FFA1AD28C343170072E488 /* Classifier.swift */; };
/* End PBXBuildFile section */

/* Begin PBXFileReference section */
		D30417C528C0EAA600880DAA /* MobileNetv3-Sample.app */ = {isa = PBXFileReference; explicitFileType = wrapper.application; includeInIndex = 0; path = "MobileNetv3-Sample.app"; sourceTree = BUILT_PRODUCTS_DIR; };
		D30417C828C0EAA600880DAA /* MobileNetv3_SampleApp.swift */ = {isa = PBXFileReference; lastKnownFileType = sourcecode.swift; path = MobileNetv3_SampleApp.swift; sourceTree = "<group>"; };
		D30417CA28C0EAA600880DAA /* ContentView.swift */ = {isa = PBXFileReference; lastKnownFileType = sourcecode.swift; path = ContentView.swift; sourceTree = "<group>"; };
		D30417CC28C0EAA700880DAA /* Assets.xcassets */ = {isa = PBXFileReference; lastKnownFileType = folder.assetcatalog; path = Assets.xcassets; sourceTree = "<group>"; };
		D30417CE28C0EAA700880DAA /* MobileNetv3_Sample.entitlements */ = {isa = PBXFileReference; lastKnownFileType = text.plist.entitlements; path = MobileNetv3_Sample.entitlements; sourceTree = "<group>"; };
		D30417D028C0EAA700880DAA /* Preview Assets.xcassets */ = {isa = PBXFileReference; lastKnownFileType = folder.assetcatalog; path = "Preview Assets.xcassets"; sourceTree = "<group>"; };
		D32BC86329D33F0C00FE9273 /* prepareImage.swift */ = {isa = PBXFileReference; lastKnownFileType = sourcecode.swift; path = prepareImage.swift; sourceTree = "<group>"; };
		D32BC86729D3B13800FE9273 /* id2label.json */ = {isa = PBXFileReference; fileEncoding = 4; lastKnownFileType = text.json; path = id2label.json; sourceTree = "<group>"; };
		D32BC94C29D3B20300FE9273 /* Array+Extensions.swift */ = {isa = PBXFileReference; fileEncoding = 4; lastKnownFileType = sourcecode.swift; path = "Array+Extensions.swift"; sourceTree = "<group>"; };
		D32BC94D29D3B20300FE9273 /* Math.swift */ = {isa = PBXFileReference; fileEncoding = 4; lastKnownFileType = sourcecode.swift; path = Math.swift; sourceTree = "<group>"; };
		D32BC94E29D3B20300FE9273 /* UIImage+CVPixelBuffer.swift */ = {isa = PBXFileReference; fileEncoding = 4; lastKnownFileType = sourcecode.swift; path = "UIImage+CVPixelBuffer.swift"; sourceTree = "<group>"; };
		D32BC94F29D3B20300FE9273 /* Predictions.swift */ = {isa = PBXFileReference; fileEncoding = 4; lastKnownFileType = sourcecode.swift; path = Predictions.swift; sourceTree = "<group>"; };
		D32BC95029D3B20300FE9273 /* UIImage+Extensions.swift */ = {isa = PBXFileReference; fileEncoding = 4; lastKnownFileType = sourcecode.swift; path = "UIImage+Extensions.swift"; sourceTree = "<group>"; };
		D32BC95129D3B20300FE9273 /* CGImagePropertyOrientation.swift */ = {isa = PBXFileReference; fileEncoding = 4; lastKnownFileType = sourcecode.swift; path = CGImagePropertyOrientation.swift; sourceTree = "<group>"; };
		D32BC95229D3B20300FE9273 /* UIImage+RawBytes.swift */ = {isa = PBXFileReference; fileEncoding = 4; lastKnownFileType = sourcecode.swift; path = "UIImage+RawBytes.swift"; sourceTree = "<group>"; };
		D32BC95329D3B20300FE9273 /* MLMultiArray+Helpers.swift */ = {isa = PBXFileReference; fileEncoding = 4; lastKnownFileType = sourcecode.swift; path = "MLMultiArray+Helpers.swift"; sourceTree = "<group>"; };
		D32BC95429D3B20300FE9273 /* MLModel+Images.swift */ = {isa = PBXFileReference; fileEncoding = 4; lastKnownFileType = sourcecode.swift; path = "MLModel+Images.swift"; sourceTree = "<group>"; };
		D32BC95529D3B20300FE9273 /* CoreML+Combine.swift */ = {isa = PBXFileReference; fileEncoding = 4; lastKnownFileType = sourcecode.swift; path = "CoreML+Combine.swift"; sourceTree = "<group>"; };
		D32BC95629D3B20300FE9273 /* CVPixelBuffer+Create.swift */ = {isa = PBXFileReference; fileEncoding = 4; lastKnownFileType = sourcecode.swift; path = "CVPixelBuffer+Create.swift"; sourceTree = "<group>"; };
		D32BC95729D3B20300FE9273 /* CGImage+CVPixelBuffer.swift */ = {isa = PBXFileReference; fileEncoding = 4; lastKnownFileType = sourcecode.swift; path = "CGImage+CVPixelBuffer.swift"; sourceTree = "<group>"; };
		D32BC95829D3B20300FE9273 /* NonMaxSuppression.swift */ = {isa = PBXFileReference; fileEncoding = 4; lastKnownFileType = sourcecode.swift; path = NonMaxSuppression.swift; sourceTree = "<group>"; };
		D32BC95929D3B20300FE9273 /* CGImage+RawBytes.swift */ = {isa = PBXFileReference; fileEncoding = 4; lastKnownFileType = sourcecode.swift; path = "CGImage+RawBytes.swift"; sourceTree = "<group>"; };
		D32BC95A29D3B20300FE9273 /* MLMultiArray+Image.swift */ = {isa = PBXFileReference; fileEncoding = 4; lastKnownFileType = sourcecode.swift; path = "MLMultiArray+Image.swift"; sourceTree = "<group>"; };
		D32BC95B29D3B20300FE9273 /* CVPixelBuffer+Resize.swift */ = {isa = PBXFileReference; fileEncoding = 4; lastKnownFileType = sourcecode.swift; path = "CVPixelBuffer+Resize.swift"; sourceTree = "<group>"; };
		D32BC95C29D3B20300FE9273 /* CVPixelBuffer+Rotate.swift */ = {isa = PBXFileReference; fileEncoding = 4; lastKnownFileType = sourcecode.swift; path = "CVPixelBuffer+Rotate.swift"; sourceTree = "<group>"; };
		D3FFA1A128C2496B0072E488 /* mobilenetv3.mlpackage */ = {isa = PBXFileReference; lastKnownFileType = folder.mlpackage; path = mobilenetv3.mlpackage; sourceTree = "<group>"; };
		D3FFA1A928C250C30072E488 /* CameraView.swift */ = {isa = PBXFileReference; lastKnownFileType = sourcecode.swift; path = CameraView.swift; sourceTree = "<group>"; };
		D3FFA1AD28C343170072E488 /* Classifier.swift */ = {isa = PBXFileReference; lastKnownFileType = sourcecode.swift; path = Classifier.swift; sourceTree = "<group>"; };
/* End PBXFileReference section */

/* Begin PBXFrameworksBuildPhase section */
		D30417C228C0EAA600880DAA /* Frameworks */ = {
			isa = PBXFrameworksBuildPhase;
			buildActionMask = 2147483647;
			files = (
			);
			runOnlyForDeploymentPostprocessing = 0;
		};
/* End PBXFrameworksBuildPhase section */

/* Begin PBXGroup section */
		D30417BC28C0EAA600880DAA = {
			isa = PBXGroup;
			children = (
				D30417C728C0EAA600880DAA /* MobileNetv3-Sample */,
				D30417C628C0EAA600880DAA /* Products */,
			);
			sourceTree = "<group>";
		};
		D30417C628C0EAA600880DAA /* Products */ = {
			isa = PBXGroup;
			children = (
				D30417C528C0EAA600880DAA /* MobileNetv3-Sample.app */,
			);
			name = Products;
			sourceTree = "<group>";
		};
		D30417C728C0EAA600880DAA /* MobileNetv3-Sample */ = {
			isa = PBXGroup;
			children = (
				D32BC94B29D3B20300FE9273 /* CoreMLHelpers */,
				D32BC86729D3B13800FE9273 /* id2label.json */,
				D3FFA1A128C2496B0072E488 /* mobilenetv3.mlpackage */,
				D30417C828C0EAA600880DAA /* MobileNetv3_SampleApp.swift */,
				D30417CA28C0EAA600880DAA /* ContentView.swift */,
				D30417CC28C0EAA700880DAA /* Assets.xcassets */,
				D30417CE28C0EAA700880DAA /* MobileNetv3_Sample.entitlements */,
				D30417CF28C0EAA700880DAA /* Preview Content */,
				D3FFA1A928C250C30072E488 /* CameraView.swift */,
				D3FFA1AD28C343170072E488 /* Classifier.swift */,
				D32BC86329D33F0C00FE9273 /* prepareImage.swift */,
			);
			path = "MobileNetv3-Sample";
			sourceTree = "<group>";
		};
		D30417CF28C0EAA700880DAA /* Preview Content */ = {
			isa = PBXGroup;
			children = (
				D30417D028C0EAA700880DAA /* Preview Assets.xcassets */,
			);
			path = "Preview Content";
			sourceTree = "<group>";
		};
		D32BC94B29D3B20300FE9273 /* CoreMLHelpers */ = {
			isa = PBXGroup;
			children = (
				D32BC94C29D3B20300FE9273 /* Array+Extensions.swift */,
				D32BC94D29D3B20300FE9273 /* Math.swift */,
				D32BC94E29D3B20300FE9273 /* UIImage+CVPixelBuffer.swift */,
				D32BC94F29D3B20300FE9273 /* Predictions.swift */,
				D32BC95029D3B20300FE9273 /* UIImage+Extensions.swift */,
				D32BC95129D3B20300FE9273 /* CGImagePropertyOrientation.swift */,
				D32BC95229D3B20300FE9273 /* UIImage+RawBytes.swift */,
				D32BC95329D3B20300FE9273 /* MLMultiArray+Helpers.swift */,
				D32BC95429D3B20300FE9273 /* MLModel+Images.swift */,
				D32BC95529D3B20300FE9273 /* CoreML+Combine.swift */,
				D32BC95629D3B20300FE9273 /* CVPixelBuffer+Create.swift */,
				D32BC95729D3B20300FE9273 /* CGImage+CVPixelBuffer.swift */,
				D32BC95829D3B20300FE9273 /* NonMaxSuppression.swift */,
				D32BC95929D3B20300FE9273 /* CGImage+RawBytes.swift */,
				D32BC95A29D3B20300FE9273 /* MLMultiArray+Image.swift */,
				D32BC95B29D3B20300FE9273 /* CVPixelBuffer+Resize.swift */,
				D32BC95C29D3B20300FE9273 /* CVPixelBuffer+Rotate.swift */,
			);
			name = CoreMLHelpers;
			path = CoreMLHelpers/CoreMLHelpers;
			sourceTree = "<group>";
		};
/* End PBXGroup section */

/* Begin PBXNativeTarget section */
		D30417C428C0EAA600880DAA /* MobileNetv3-Sample */ = {
			isa = PBXNativeTarget;
			buildConfigurationList = D30417D428C0EAA700880DAA /* Build configuration list for PBXNativeTarget "MobileNetv3-Sample" */;
			buildPhases = (
				D30417C128C0EAA600880DAA /* Sources */,
				D30417C228C0EAA600880DAA /* Frameworks */,
				D30417C328C0EAA600880DAA /* Resources */,
			);
			buildRules = (
			);
			dependencies = (
			);
			name = "MobileNetv3-Sample";
			packageProductDependencies = (
			);
			productName = "MobileNetv3-Sample";
			productReference = D30417C528C0EAA600880DAA /* MobileNetv3-Sample.app */;
			productType = "com.apple.product-type.application";
		};
/* End PBXNativeTarget section */

/* Begin PBXProject section */
		D30417BD28C0EAA600880DAA /* Project object */ = {
			isa = PBXProject;
			attributes = {
				BuildIndependentTargetsInParallel = 1;
				LastSwiftUpdateCheck = 1400;
				LastUpgradeCheck = 1400;
				TargetAttributes = {
					D30417C428C0EAA600880DAA = {
						CreatedOnToolsVersion = 14.0;
					};
				};
			};
			buildConfigurationList = D30417C028C0EAA600880DAA /* Build configuration list for PBXProject "MobileNetv3-Sample" */;
			compatibilityVersion = "Xcode 14.0";
			developmentRegion = en;
			hasScannedForEncodings = 0;
			knownRegions = (
				en,
				Base,
			);
			mainGroup = D30417BC28C0EAA600880DAA;
			packageReferences = (
			);
			productRefGroup = D30417C628C0EAA600880DAA /* Products */;
			projectDirPath = "";
			projectRoot = "";
			targets = (
				D30417C428C0EAA600880DAA /* MobileNetv3-Sample */,
			);
		};
/* End PBXProject section */

/* Begin PBXResourcesBuildPhase section */
		D30417C328C0EAA600880DAA /* Resources */ = {
			isa = PBXResourcesBuildPhase;
			buildActionMask = 2147483647;
			files = (
				D32BC86629D3415A00FE9273 /* mobilenetv3.mlpackage in Resources */,
				D32BC86829D3B13800FE9273 /* id2label.json in Resources */,
				D30417D128C0EAA700880DAA /* Preview Assets.xcassets in Resources */,
				D30417CD28C0EAA700880DAA /* Assets.xcassets in Resources */,
			);
			runOnlyForDeploymentPostprocessing = 0;
		};
/* End PBXResourcesBuildPhase section */

/* Begin PBXSourcesBuildPhase section */
		D30417C128C0EAA600880DAA /* Sources */ = {
			isa = PBXSourcesBuildPhase;
			buildActionMask = 2147483647;
			files = (
				D32BC96429D3B20300FE9273 /* MLMultiArray+Helpers.swift in Sources */,
				D32BC96C29D3B20300FE9273 /* CVPixelBuffer+Resize.swift in Sources */,
				D32BC96729D3B20300FE9273 /* CVPixelBuffer+Create.swift in Sources */,
				D32BC96329D3B20300FE9273 /* UIImage+RawBytes.swift in Sources */,
				D32BC96829D3B20300FE9273 /* CGImage+CVPixelBuffer.swift in Sources */,
				D32BC96029D3B20300FE9273 /* Predictions.swift in Sources */,
				D3FFA1AE28C343170072E488 /* Classifier.swift in Sources */,
				D30417CB28C0EAA600880DAA /* ContentView.swift in Sources */,
				D32BC96929D3B20300FE9273 /* NonMaxSuppression.swift in Sources */,
				D32BC96129D3B20300FE9273 /* UIImage+Extensions.swift in Sources */,
				D32BC96A29D3B20300FE9273 /* CGImage+RawBytes.swift in Sources */,
				D32BC95D29D3B20300FE9273 /* Array+Extensions.swift in Sources */,
				D30417C928C0EAA600880DAA /* MobileNetv3_SampleApp.swift in Sources */,
				D32BC96D29D3B20300FE9273 /* CVPixelBuffer+Rotate.swift in Sources */,
				D32BC96629D3B20300FE9273 /* CoreML+Combine.swift in Sources */,
				D3FFA1AA28C250C30072E488 /* CameraView.swift in Sources */,
				D32BC96529D3B20300FE9273 /* MLModel+Images.swift in Sources */,
				D32BC86429D33F0C00FE9273 /* prepareImage.swift in Sources */,
				D32BC96B29D3B20300FE9273 /* MLMultiArray+Image.swift in Sources */,
				D32BC95F29D3B20300FE9273 /* UIImage+CVPixelBuffer.swift in Sources */,
				D32BC96229D3B20300FE9273 /* CGImagePropertyOrientation.swift in Sources */,
				D32BC95E29D3B20300FE9273 /* Math.swift in Sources */,
			);
			runOnlyForDeploymentPostprocessing = 0;
		};
/* End PBXSourcesBuildPhase section */

/* Begin XCBuildConfiguration section */
		D30417D228C0EAA700880DAA /* Debug */ = {
			isa = XCBuildConfiguration;
			buildSettings = {
				ALWAYS_SEARCH_USER_PATHS = NO;
				CLANG_ANALYZER_NONNULL = YES;
				CLANG_ANALYZER_NUMBER_OBJECT_CONVERSION = YES_AGGRESSIVE;
				CLANG_CXX_LANGUAGE_STANDARD = "gnu++20";
				CLANG_ENABLE_MODULES = YES;
				CLANG_ENABLE_OBJC_ARC = YES;
				CLANG_ENABLE_OBJC_WEAK = YES;
				CLANG_WARN_BLOCK_CAPTURE_AUTORELEASING = YES;
				CLANG_WARN_BOOL_CONVERSION = YES;
				CLANG_WARN_COMMA = YES;
				CLANG_WARN_CONSTANT_CONVERSION = YES;
				CLANG_WARN_DEPRECATED_OBJC_IMPLEMENTATIONS = YES;
				CLANG_WARN_DIRECT_OBJC_ISA_USAGE = YES_ERROR;
				CLANG_WARN_DOCUMENTATION_COMMENTS = YES;
				CLANG_WARN_EMPTY_BODY = YES;
				CLANG_WARN_ENUM_CONVERSION = YES;
				CLANG_WARN_INFINITE_RECURSION = YES;
				CLANG_WARN_INT_CONVERSION = YES;
				CLANG_WARN_NON_LITERAL_NULL_CONVERSION = YES;
				CLANG_WARN_OBJC_IMPLICIT_RETAIN_SELF = YES;
				CLANG_WARN_OBJC_LITERAL_CONVERSION = YES;
				CLANG_WARN_OBJC_ROOT_CLASS = YES_ERROR;
				CLANG_WARN_QUOTED_INCLUDE_IN_FRAMEWORK_HEADER = YES;
				CLANG_WARN_RANGE_LOOP_ANALYSIS = YES;
				CLANG_WARN_STRICT_PROTOTYPES = YES;
				CLANG_WARN_SUSPICIOUS_MOVE = YES;
				CLANG_WARN_UNGUARDED_AVAILABILITY = YES_AGGRESSIVE;
				CLANG_WARN_UNREACHABLE_CODE = YES;
				CLANG_WARN__DUPLICATE_METHOD_MATCH = YES;
				COPY_PHASE_STRIP = NO;
				DEBUG_INFORMATION_FORMAT = dwarf;
				ENABLE_STRICT_OBJC_MSGSEND = YES;
				ENABLE_TESTABILITY = YES;
				GCC_C_LANGUAGE_STANDARD = gnu11;
				GCC_DYNAMIC_NO_PIC = NO;
				GCC_NO_COMMON_BLOCKS = YES;
				GCC_OPTIMIZATION_LEVEL = 0;
				GCC_PREPROCESSOR_DEFINITIONS = (
					"DEBUG=1",
					"$(inherited)",
				);
				GCC_WARN_64_TO_32_BIT_CONVERSION = YES;
				GCC_WARN_ABOUT_RETURN_TYPE = YES_ERROR;
				GCC_WARN_UNDECLARED_SELECTOR = YES;
				GCC_WARN_UNINITIALIZED_AUTOS = YES_AGGRESSIVE;
				GCC_WARN_UNUSED_FUNCTION = YES;
				GCC_WARN_UNUSED_VARIABLE = YES;
				MTL_ENABLE_DEBUG_INFO = INCLUDE_SOURCE;
				MTL_FAST_MATH = YES;
				ONLY_ACTIVE_ARCH = YES;
				SWIFT_ACTIVE_COMPILATION_CONDITIONS = DEBUG;
				SWIFT_OPTIMIZATION_LEVEL = "-Onone";
			};
			name = Debug;
		};
		D30417D328C0EAA700880DAA /* Release */ = {
			isa = XCBuildConfiguration;
			buildSettings = {
				ALWAYS_SEARCH_USER_PATHS = NO;
				CLANG_ANALYZER_NONNULL = YES;
				CLANG_ANALYZER_NUMBER_OBJECT_CONVERSION = YES_AGGRESSIVE;
				CLANG_CXX_LANGUAGE_STANDARD = "gnu++20";
				CLANG_ENABLE_MODULES = YES;
				CLANG_ENABLE_OBJC_ARC = YES;
				CLANG_ENABLE_OBJC_WEAK = YES;
				CLANG_WARN_BLOCK_CAPTURE_AUTORELEASING = YES;
				CLANG_WARN_BOOL_CONVERSION = YES;
				CLANG_WARN_COMMA = YES;
				CLANG_WARN_CONSTANT_CONVERSION = YES;
				CLANG_WARN_DEPRECATED_OBJC_IMPLEMENTATIONS = YES;
				CLANG_WARN_DIRECT_OBJC_ISA_USAGE = YES_ERROR;
				CLANG_WARN_DOCUMENTATION_COMMENTS = YES;
				CLANG_WARN_EMPTY_BODY = YES;
				CLANG_WARN_ENUM_CONVERSION = YES;
				CLANG_WARN_INFINITE_RECURSION = YES;
				CLANG_WARN_INT_CONVERSION = YES;
				CLANG_WARN_NON_LITERAL_NULL_CONVERSION = YES;
				CLANG_WARN_OBJC_IMPLICIT_RETAIN_SELF = YES;
				CLANG_WARN_OBJC_LITERAL_CONVERSION = YES;
				CLANG_WARN_OBJC_ROOT_CLASS = YES_ERROR;
				CLANG_WARN_QUOTED_INCLUDE_IN_FRAMEWORK_HEADER = YES;
				CLANG_WARN_RANGE_LOOP_ANALYSIS = YES;
				CLANG_WARN_STRICT_PROTOTYPES = YES;
				CLANG_WARN_SUSPICIOUS_MOVE = YES;
				CLANG_WARN_UNGUARDED_AVAILABILITY = YES_AGGRESSIVE;
				CLANG_WARN_UNREACHABLE_CODE = YES;
				CLANG_WARN__DUPLICATE_METHOD_MATCH = YES;
				COPY_PHASE_STRIP = NO;
				DEBUG_INFORMATION_FORMAT = "dwarf-with-dsym";
				ENABLE_NS_ASSERTIONS = NO;
				ENABLE_STRICT_OBJC_MSGSEND = YES;
				GCC_C_LANGUAGE_STANDARD = gnu11;
				GCC_NO_COMMON_BLOCKS = YES;
				GCC_WARN_64_TO_32_BIT_CONVERSION = YES;
				GCC_WARN_ABOUT_RETURN_TYPE = YES_ERROR;
				GCC_WARN_UNDECLARED_SELECTOR = YES;
				GCC_WARN_UNINITIALIZED_AUTOS = YES_AGGRESSIVE;
				GCC_WARN_UNUSED_FUNCTION = YES;
				GCC_WARN_UNUSED_VARIABLE = YES;
				MTL_ENABLE_DEBUG_INFO = NO;
				MTL_FAST_MATH = YES;
				SWIFT_COMPILATION_MODE = wholemodule;
				SWIFT_OPTIMIZATION_LEVEL = "-O";
			};
			name = Release;
		};
		D30417D528C0EAA700880DAA /* Debug */ = {
			isa = XCBuildConfiguration;
			buildSettings = {
				ASSETCATALOG_COMPILER_APPICON_NAME = AppIcon;
				ASSETCATALOG_COMPILER_GLOBAL_ACCENT_COLOR_NAME = AccentColor;
				CODE_SIGN_ENTITLEMENTS = "MobileNetv3-Sample/MobileNetv3_Sample.entitlements";
				CODE_SIGN_STYLE = Automatic;
				CURRENT_PROJECT_VERSION = 1;
				DEVELOPMENT_ASSET_PATHS = "\"MobileNetv3-Sample/Preview Content\"";
				DEVELOPMENT_TEAM = S8WBNKMKYU;
				ENABLE_HARDENED_RUNTIME = YES;
				ENABLE_PREVIEWS = YES;
				GENERATE_INFOPLIST_FILE = YES;
				INFOPLIST_KEY_NSCameraUsageDescription = "Use Camera";
				"INFOPLIST_KEY_UIApplicationSceneManifest_Generation[sdk=iphoneos*]" = YES;
				"INFOPLIST_KEY_UIApplicationSceneManifest_Generation[sdk=iphonesimulator*]" = YES;
				"INFOPLIST_KEY_UIApplicationSupportsIndirectInputEvents[sdk=iphoneos*]" = YES;
				"INFOPLIST_KEY_UIApplicationSupportsIndirectInputEvents[sdk=iphonesimulator*]" = YES;
				"INFOPLIST_KEY_UILaunchScreen_Generation[sdk=iphoneos*]" = YES;
				"INFOPLIST_KEY_UILaunchScreen_Generation[sdk=iphonesimulator*]" = YES;
				"INFOPLIST_KEY_UIStatusBarStyle[sdk=iphoneos*]" = UIStatusBarStyleDefault;
				"INFOPLIST_KEY_UIStatusBarStyle[sdk=iphonesimulator*]" = UIStatusBarStyleDefault;
				INFOPLIST_KEY_UISupportedInterfaceOrientations_iPad = "UIInterfaceOrientationPortrait UIInterfaceOrientationPortraitUpsideDown UIInterfaceOrientationLandscapeLeft UIInterfaceOrientationLandscapeRight";
				INFOPLIST_KEY_UISupportedInterfaceOrientations_iPhone = "UIInterfaceOrientationPortrait UIInterfaceOrientationLandscapeLeft UIInterfaceOrientationLandscapeRight";
				IPHONEOS_DEPLOYMENT_TARGET = 16.0;
				LD_RUNPATH_SEARCH_PATHS = "@executable_path/Frameworks";
				"LD_RUNPATH_SEARCH_PATHS[sdk=macosx*]" = "@executable_path/../Frameworks";
				MACOSX_DEPLOYMENT_TARGET = 12.0;
				MARKETING_VERSION = 1.0;
				PRODUCT_BUNDLE_IDENTIFIER = "dev.fummicc1.MobileNetv3-Sample";
				PRODUCT_NAME = "$(TARGET_NAME)";
				SDKROOT = auto;
				SUPPORTED_PLATFORMS = "iphoneos iphonesimulator macosx";
				SWIFT_EMIT_LOC_STRINGS = YES;
				SWIFT_VERSION = 5.0;
				TARGETED_DEVICE_FAMILY = "1,2";
			};
			name = Debug;
		};
		D30417D628C0EAA700880DAA /* Release */ = {
			isa = XCBuildConfiguration;
			buildSettings = {
				ASSETCATALOG_COMPILER_APPICON_NAME = AppIcon;
				ASSETCATALOG_COMPILER_GLOBAL_ACCENT_COLOR_NAME = AccentColor;
				CODE_SIGN_ENTITLEMENTS = "MobileNetv3-Sample/MobileNetv3_Sample.entitlements";
				CODE_SIGN_STYLE = Automatic;
				CURRENT_PROJECT_VERSION = 1;
				DEVELOPMENT_ASSET_PATHS = "\"MobileNetv3-Sample/Preview Content\"";
				DEVELOPMENT_TEAM = S8WBNKMKYU;
				ENABLE_HARDENED_RUNTIME = YES;
				ENABLE_PREVIEWS = YES;
				GENERATE_INFOPLIST_FILE = YES;
				INFOPLIST_KEY_NSCameraUsageDescription = "Use Camera";
				"INFOPLIST_KEY_UIApplicationSceneManifest_Generation[sdk=iphoneos*]" = YES;
				"INFOPLIST_KEY_UIApplicationSceneManifest_Generation[sdk=iphonesimulator*]" = YES;
				"INFOPLIST_KEY_UIApplicationSupportsIndirectInputEvents[sdk=iphoneos*]" = YES;
				"INFOPLIST_KEY_UIApplicationSupportsIndirectInputEvents[sdk=iphonesimulator*]" = YES;
				"INFOPLIST_KEY_UILaunchScreen_Generation[sdk=iphoneos*]" = YES;
				"INFOPLIST_KEY_UILaunchScreen_Generation[sdk=iphonesimulator*]" = YES;
				"INFOPLIST_KEY_UIStatusBarStyle[sdk=iphoneos*]" = UIStatusBarStyleDefault;
				"INFOPLIST_KEY_UIStatusBarStyle[sdk=iphonesimulator*]" = UIStatusBarStyleDefault;
				INFOPLIST_KEY_UISupportedInterfaceOrientations_iPad = "UIInterfaceOrientationPortrait UIInterfaceOrientationPortraitUpsideDown UIInterfaceOrientationLandscapeLeft UIInterfaceOrientationLandscapeRight";
				INFOPLIST_KEY_UISupportedInterfaceOrientations_iPhone = "UIInterfaceOrientationPortrait UIInterfaceOrientationLandscapeLeft UIInterfaceOrientationLandscapeRight";
				IPHONEOS_DEPLOYMENT_TARGET = 16.0;
				LD_RUNPATH_SEARCH_PATHS = "@executable_path/Frameworks";
				"LD_RUNPATH_SEARCH_PATHS[sdk=macosx*]" = "@executable_path/../Frameworks";
				MACOSX_DEPLOYMENT_TARGET = 12.0;
				MARKETING_VERSION = 1.0;
				PRODUCT_BUNDLE_IDENTIFIER = "dev.fummicc1.MobileNetv3-Sample";
				PRODUCT_NAME = "$(TARGET_NAME)";
				SDKROOT = auto;
				SUPPORTED_PLATFORMS = "iphoneos iphonesimulator macosx";
				SWIFT_EMIT_LOC_STRINGS = YES;
				SWIFT_VERSION = 5.0;
				TARGETED_DEVICE_FAMILY = "1,2";
			};
			name = Release;
		};
/* End XCBuildConfiguration section */

/* Begin XCConfigurationList section */
		D30417C028C0EAA600880DAA /* Build configuration list for PBXProject "MobileNetv3-Sample" */ = {
			isa = XCConfigurationList;
			buildConfigurations = (
				D30417D228C0EAA700880DAA /* Debug */,
				D30417D328C0EAA700880DAA /* Release */,
			);
			defaultConfigurationIsVisible = 0;
			defaultConfigurationName = Release;
		};
		D30417D428C0EAA700880DAA /* Build configuration list for PBXNativeTarget "MobileNetv3-Sample" */ = {
			isa = XCConfigurationList;
			buildConfigurations = (
				D30417D528C0EAA700880DAA /* Debug */,
				D30417D628C0EAA700880DAA /* Release */,
			);
			defaultConfigurationIsVisible = 0;
			defaultConfigurationName = Release;
		};
/* End XCConfigurationList section */
	};
	rootObject = D30417BD28C0EAA600880DAA /* Project object */;
}
